
Microsoft Visual Studio Solution File, Format Version 12.00
# Visual Studio Version 17
VisualStudioVersion = 17.4.33122.133
MinimumVisualStudioVersion = 10.0.40219.1
Project("{FAE04EC0-301F-11D3-BF4B-00C04F79EFBC}") = "assignment4", "assignment4\assignment4.csproj", "{A0BF411D-2B1C-432C-A63F-DFDFCC9EFE84}"
EndProject
Global
	GlobalSection(SolutionConfigurationPlatforms) = preSolution
		Debug|Any CPU = Debug|Any CPU
		Release|Any CPU = Release|Any CPU
	EndGlobalSection
	GlobalSection(ProjectConfigurationPlatforms) = postSolution
		{A0BF411D-2B1C-432C-A63F-DFDFCC9EFE84}.Debug|Any CPU.ActiveCfg = Debug|Any CPU
		{A0BF411D-2B1C-432C-A63F-DFDFCC9EFE84}.Debug|Any CPU.Build.0 = Debug|Any CPU
		{A0BF411D-2B1C-432C-A63F-DFDFCC9EFE84}.Release|Any CPU.ActiveCfg = Release|Any CPU
		{A0BF411D-2B1C-432C-A63F-DFDFCC9EFE84}.Release|Any CPU.Build.0 = Release|Any CPU
	EndGlobalSection
	GlobalSection(SolutionProperties) = preSolution
		HideSolutionNode = FALSE
	EndGlobalSection
	GlobalSection(ExtensibilityGlobals) = postSolution
		SolutionGuid = {006A99F1-C34F-4A44-AC8F-425984F2F0CF}
	EndGlobalSection
EndGlobal
